
Microsoft Visual Studio Solution File, Format Version 12.00
# Visual Studio Version 16
VisualStudioVersion = 16.0.32228.343
MinimumVisualStudioVersion = 10.0.40219.1
Project("{FAE04EC0-301F-11D3-BF4B-00C04F79EFBC}") = "Ex03.ConsoleUI", "Ex03.ConsoleUI\Ex03.ConsoleUI.csproj", "{8FB4B266-8561-4850-BCE4-FEEA188855EA}"
EndProject
Project("{FAE04EC0-301F-11D3-BF4B-00C04F79EFBC}") = "Ex03.GarageLogic", "Ex03.GarageLogic\Ex03.GarageLogic.csproj", "{EDAC22AE-669A-47C6-90E7-23DA6678DD8D}"
EndProject
Global
	GlobalSection(SolutionConfigurationPlatforms) = preSolution
		Debug|Any CPU = Debug|Any CPU
		Release|Any CPU = Release|Any CPU
	EndGlobalSection
	GlobalSection(ProjectConfigurationPlatforms) = postSolution
		{8FB4B266-8561-4850-BCE4-FEEA188855EA}.Debug|Any CPU.ActiveCfg = Debug|Any CPU
		{8FB4B266-8561-4850-BCE4-FEEA188855EA}.Debug|Any CPU.Build.0 = Debug|Any CPU
		{8FB4B266-8561-4850-BCE4-FEEA188855EA}.Release|Any CPU.ActiveCfg = Release|Any CPU
		{8FB4B266-8561-4850-BCE4-FEEA188855EA}.Release|Any CPU.Build.0 = Release|Any CPU
		{EDAC22AE-669A-47C6-90E7-23DA6678DD8D}.Debug|Any CPU.ActiveCfg = Debug|Any CPU
		{EDAC22AE-669A-47C6-90E7-23DA6678DD8D}.Debug|Any CPU.Build.0 = Debug|Any CPU
		{EDAC22AE-669A-47C6-90E7-23DA6678DD8D}.Release|Any CPU.ActiveCfg = Release|Any CPU
		{EDAC22AE-669A-47C6-90E7-23DA6678DD8D}.Release|Any CPU.Build.0 = Release|Any CPU
	EndGlobalSection
	GlobalSection(SolutionProperties) = preSolution
		HideSolutionNode = FALSE
	EndGlobalSection
	GlobalSection(ExtensibilityGlobals) = postSolution
		SolutionGuid = {B3999E5A-13D2-49AE-8C47-E1A4AC4D40C8}
	EndGlobalSection
EndGlobal
